
Microsoft Visual Studio Solution File, Format Version 12.00
# Visual Studio Version 16
VisualStudioVersion = 16.0.30907.101
MinimumVisualStudioVersion = 10.0.40219.1
Project("{FAE04EC0-301F-11D3-BF4B-00C04F79EFBC}") = "BlazorTWAIN", "BlazorTWAIN.csproj", "{2C97F967-F7C9-4839-A72F-A6A65616B68A}"
EndProject
Global
	GlobalSection(SolutionConfigurationPlatforms) = preSolution
		Debug|Any CPU = Debug|Any CPU
		Release|Any CPU = Release|Any CPU
	EndGlobalSection
	GlobalSection(ProjectConfigurationPlatforms) = postSolution
		{2C97F967-F7C9-4839-A72F-A6A65616B68A}.Debug|Any CPU.ActiveCfg = Debug|Any CPU
		{2C97F967-F7C9-4839-A72F-A6A65616B68A}.Debug|Any CPU.Build.0 = Debug|Any CPU
		{2C97F967-F7C9-4839-A72F-A6A65616B68A}.Release|Any CPU.ActiveCfg = Release|Any CPU
		{2C97F967-F7C9-4839-A72F-A6A65616B68A}.Release|Any CPU.Build.0 = Release|Any CPU
	EndGlobalSection
	GlobalSection(SolutionProperties) = preSolution
		HideSolutionNode = FALSE
	EndGlobalSection
	GlobalSection(ExtensibilityGlobals) = postSolution
		SolutionGuid = {DEF62D05-E808-4AC4-9D86-0BF037F3520D}
	EndGlobalSection
EndGlobal
